// !$*UTF8*$!
{
	archiveVersion = 1;
	classes = {
	};
	objectVersion = 50;
	objects = {

/* Begin PBXBuildFile section */
		28C9D1C0210D043000F8115D /* AppDelegate.swift in Sources */ = {isa = PBXBuildFile; fileRef = 28C9D1BF210D043000F8115D /* AppDelegate.swift */; };
		28C9D1C2210D043000F8115D /* ViewController.swift in Sources */ = {isa = PBXBuildFile; fileRef = 28C9D1C1210D043000F8115D /* ViewController.swift */; };
		28C9D1C5210D043000F8115D /* Main.storyboard in Resources */ = {isa = PBXBuildFile; fileRef = 28C9D1C3210D043000F8115D /* Main.storyboard */; };
		28C9D1C8210D043000F8115D /* IsItGood.xcdatamodeld in Sources */ = {isa = PBXBuildFile; fileRef = 28C9D1C6210D043000F8115D /* IsItGood.xcdatamodeld */; };
		28C9D1CA210D043500F8115D /* Assets.xcassets in Resources */ = {isa = PBXBuildFile; fileRef = 28C9D1C9210D043500F8115D /* Assets.xcassets */; };
		28C9D1CD210D043500F8115D /* LaunchScreen.storyboard in Resources */ = {isa = PBXBuildFile; fileRef = 28C9D1CB210D043500F8115D /* LaunchScreen.storyboard */; };
		28C9D1D8210D043500F8115D /* IsItGoodTests.swift in Sources */ = {isa = PBXBuildFile; fileRef = 28C9D1D7210D043500F8115D /* IsItGoodTests.swift */; };
		28C9D1E3210D043500F8115D /* IsItGoodUITests.swift in Sources */ = {isa = PBXBuildFile; fileRef = 28C9D1E2210D043500F8115D /* IsItGoodUITests.swift */; };
/* End PBXBuildFile section */

/* Begin PBXContainerItemProxy section */
		28C9D1D4210D043500F8115D /* PBXContainerItemProxy */ = {
			isa = PBXContainerItemProxy;
			containerPortal = 28C9D1B4210D043000F8115D /* Project object */;
			proxyType = 1;
			remoteGlobalIDString = 28C9D1BB210D043000F8115D;
			remoteInfo = IsItGood;
		};
		28C9D1DF210D043500F8115D /* PBXContainerItemProxy */ = {
			isa = PBXContainerItemProxy;
			containerPortal = 28C9D1B4210D043000F8115D /* Project object */;
			proxyType = 1;
			remoteGlobalIDString = 28C9D1BB210D043000F8115D;
			remoteInfo = IsItGood;
		};
/* End PBXContainerItemProxy section */

/* Begin PBXFileReference section */
		28C9D1BC210D043000F8115D /* IsItGood.app */ = {isa = PBXFileReference; explicitFileType = wrapper.application; includeInIndex = 0; path = IsItGood.app; sourceTree = BUILT_PRODUCTS_DIR; };
		28C9D1BF210D043000F8115D /* AppDelegate.swift */ = {isa = PBXFileReference; lastKnownFileType = sourcecode.swift; path = AppDelegate.swift; sourceTree = "<group>"; };
		28C9D1C1210D043000F8115D /* ViewController.swift */ = {isa = PBXFileReference; lastKnownFileType = sourcecode.swift; path = ViewController.swift; sourceTree = "<group>"; };
		28C9D1C4210D043000F8115D /* Base */ = {isa = PBXFileReference; lastKnownFileType = file.storyboard; name = Base; path = Base.lproj/Main.storyboard; sourceTree = "<group>"; };
		28C9D1C7210D043000F8115D /* IsItGood.xcdatamodel */ = {isa = PBXFileReference; lastKnownFileType = wrapper.xcdatamodel; path = IsItGood.xcdatamodel; sourceTree = "<group>"; };
		28C9D1C9210D043500F8115D /* Assets.xcassets */ = {isa = PBXFileReference; lastKnownFileType = folder.assetcatalog; path = Assets.xcassets; sourceTree = "<group>"; };
		28C9D1CC210D043500F8115D /* Base */ = {isa = PBXFileReference; lastKnownFileType = file.storyboard; name = Base; path = Base.lproj/LaunchScreen.storyboard; sourceTree = "<group>"; };
		28C9D1CE210D043500F8115D /* Info.plist */ = {isa = PBXFileReference; lastKnownFileType = text.plist.xml; path = Info.plist; sourceTree = "<group>"; };
		28C9D1D3210D043500F8115D /* IsItGoodTests.xctest */ = {isa = PBXFileReference; explicitFileType = wrapper.cfbundle; includeInIndex = 0; path = IsItGoodTests.xctest; sourceTree = BUILT_PRODUCTS_DIR; };
		28C9D1D7210D043500F8115D /* IsItGoodTests.swift */ = {isa = PBXFileReference; lastKnownFileType = sourcecode.swift; path = IsItGoodTests.swift; sourceTree = "<group>"; };
		28C9D1D9210D043500F8115D /* Info.plist */ = {isa = PBXFileReference; lastKnownFileType = text.plist.xml; path = Info.plist; sourceTree = "<group>"; };
		28C9D1DE210D043500F8115D /* IsItGoodUITests.xctest */ = {isa = PBXFileReference; explicitFileType = wrapper.cfbundle; includeInIndex = 0; path = IsItGoodUITests.xctest; sourceTree = BUILT_PRODUCTS_DIR; };
		28C9D1E2210D043500F8115D /* IsItGoodUITests.swift */ = {isa = PBXFileReference; lastKnownFileType = sourcecode.swift; path = IsItGoodUITests.swift; sourceTree = "<group>"; };
		28C9D1E4210D043500F8115D /* Info.plist */ = {isa = PBXFileReference; lastKnownFileType = text.plist.xml; path = Info.plist; sourceTree = "<group>"; };
/* End PBXFileReference section */

/* Begin PBXFrameworksBuildPhase section */
		28C9D1B9210D043000F8115D /* Frameworks */ = {
			isa = PBXFrameworksBuildPhase;
			buildActionMask = 2147483647;
			files = (
			);
			runOnlyForDeploymentPostprocessing = 0;
		};
		28C9D1D0210D043500F8115D /* Frameworks */ = {
			isa = PBXFrameworksBuildPhase;
			buildActionMask = 2147483647;
			files = (
			);
			runOnlyForDeploymentPostprocessing = 0;
		};
		28C9D1DB210D043500F8115D /* Frameworks */ = {
			isa = PBXFrameworksBuildPhase;
			buildActionMask = 2147483647;
			files = (
			);
			runOnlyForDeploymentPostprocessing = 0;
		};
/* End PBXFrameworksBuildPhase section */

/* Begin PBXGroup section */
		28C9D1B3210D043000F8115D = {
			isa = PBXGroup;
			children = (
				28C9D1BE210D043000F8115D /* IsItGood */,
				28C9D1D6210D043500F8115D /* IsItGoodTests */,
				28C9D1E1210D043500F8115D /* IsItGoodUITests */,
				28C9D1BD210D043000F8115D /* Products */,
			);
			sourceTree = "<group>";
		};
		28C9D1BD210D043000F8115D /* Products */ = {
			isa = PBXGroup;
			children = (
				28C9D1BC210D043000F8115D /* IsItGood.app */,
				28C9D1D3210D043500F8115D /* IsItGoodTests.xctest */,
				28C9D1DE210D043500F8115D /* IsItGoodUITests.xctest */,
			);
			name = Products;
			sourceTree = "<group>";
		};
		28C9D1BE210D043000F8115D /* IsItGood */ = {
			isa = PBXGroup;
			children = (
				28C9D1BF210D043000F8115D /* AppDelegate.swift */,
				28C9D1C1210D043000F8115D /* ViewController.swift */,
				28C9D1C3210D043000F8115D /* Main.storyboard */,
				28C9D1C9210D043500F8115D /* Assets.xcassets */,
				28C9D1CB210D043500F8115D /* LaunchScreen.storyboard */,
				28C9D1CE210D043500F8115D /* Info.plist */,
				28C9D1C6210D043000F8115D /* IsItGood.xcdatamodeld */,
			);
			path = IsItGood;
			sourceTree = "<group>";
		};
		28C9D1D6210D043500F8115D /* IsItGoodTests */ = {
			isa = PBXGroup;
			children = (
				28C9D1D7210D043500F8115D /* IsItGoodTests.swift */,
				28C9D1D9210D043500F8115D /* Info.plist */,
			);
			path = IsItGoodTests;
			sourceTree = "<group>";
		};
		28C9D1E1210D043500F8115D /* IsItGoodUITests */ = {
			isa = PBXGroup;
			children = (
				28C9D1E2210D043500F8115D /* IsItGoodUITests.swift */,
				28C9D1E4210D043500F8115D /* Info.plist */,
			);
			path = IsItGoodUITests;
			sourceTree = "<group>";
		};
/* End PBXGroup section */

/* Begin PBXNativeTarget section */
		28C9D1BB210D043000F8115D /* IsItGood */ = {
			isa = PBXNativeTarget;
			buildConfigurationList = 28C9D1E7210D043500F8115D /* Build configuration list for PBXNativeTarget "IsItGood" */;
			buildPhases = (
				28C9D1B8210D043000F8115D /* Sources */,
				28C9D1B9210D043000F8115D /* Frameworks */,
				28C9D1BA210D043000F8115D /* Resources */,
			);
			buildRules = (
			);
			dependencies = (
			);
			name = IsItGood;
			productName = IsItGood;
			productReference = 28C9D1BC210D043000F8115D /* IsItGood.app */;
			productType = "com.apple.product-type.application";
		};
		28C9D1D2210D043500F8115D /* IsItGoodTests */ = {
			isa = PBXNativeTarget;
			buildConfigurationList = 28C9D1EA210D043500F8115D /* Build configuration list for PBXNativeTarget "IsItGoodTests" */;
			buildPhases = (
				28C9D1CF210D043500F8115D /* Sources */,
				28C9D1D0210D043500F8115D /* Frameworks */,
				28C9D1D1210D043500F8115D /* Resources */,
			);
			buildRules = (
			);
			dependencies = (
				28C9D1D5210D043500F8115D /* PBXTargetDependency */,
			);
			name = IsItGoodTests;
			productName = IsItGoodTests;
			productReference = 28C9D1D3210D043500F8115D /* IsItGoodTests.xctest */;
			productType = "com.apple.product-type.bundle.unit-test";
		};
		28C9D1DD210D043500F8115D /* IsItGoodUITests */ = {
			isa = PBXNativeTarget;
			buildConfigurationList = 28C9D1ED210D043500F8115D /* Build configuration list for PBXNativeTarget "IsItGoodUITests" */;
			buildPhases = (
				28C9D1DA210D043500F8115D /* Sources */,
				28C9D1DB210D043500F8115D /* Frameworks */,
				28C9D1DC210D043500F8115D /* Resources */,
			);
			buildRules = (
			);
			dependencies = (
				28C9D1E0210D043500F8115D /* PBXTargetDependency */,
			);
			name = IsItGoodUITests;
			productName = IsItGoodUITests;
			productReference = 28C9D1DE210D043500F8115D /* IsItGoodUITests.xctest */;
			productType = "com.apple.product-type.bundle.ui-testing";
		};
/* End PBXNativeTarget section */

/* Begin PBXProject section */
		28C9D1B4210D043000F8115D /* Project object */ = {
			isa = PBXProject;
			attributes = {
				LastSwiftUpdateCheck = 0940;
				LastUpgradeCheck = 0940;
				ORGANIZATIONNAME = "Yosvani Lopez";
				TargetAttributes = {
					28C9D1BB210D043000F8115D = {
						CreatedOnToolsVersion = 9.4.1;
					};
					28C9D1D2210D043500F8115D = {
						CreatedOnToolsVersion = 9.4.1;
						TestTargetID = 28C9D1BB210D043000F8115D;
					};
					28C9D1DD210D043500F8115D = {
						CreatedOnToolsVersion = 9.4.1;
						TestTargetID = 28C9D1BB210D043000F8115D;
					};
				};
			};
			buildConfigurationList = 28C9D1B7210D043000F8115D /* Build configuration list for PBXProject "IsItGood" */;
			compatibilityVersion = "Xcode 9.3";
			developmentRegion = en;
			hasScannedForEncodings = 0;
			knownRegions = (
				en,
				Base,
			);
			mainGroup = 28C9D1B3210D043000F8115D;
			productRefGroup = 28C9D1BD210D043000F8115D /* Products */;
			projectDirPath = "";
			projectRoot = "";
			targets = (
				28C9D1BB210D043000F8115D /* IsItGood */,
				28C9D1D2210D043500F8115D /* IsItGoodTests */,
				28C9D1DD210D043500F8115D /* IsItGoodUITests */,
			);
		};
/* End PBXProject section */

/* Begin PBXResourcesBuildPhase section */
		28C9D1BA210D043000F8115D /* Resources */ = {
			isa = PBXResourcesBuildPhase;
			buildActionMask = 2147483647;
			files = (
				28C9D1CD210D043500F8115D /* LaunchScreen.storyboard in Resources */,
				28C9D1CA210D043500F8115D /* Assets.xcassets in Resources */,
				28C9D1C5210D043000F8115D /* Main.storyboard in Resources */,
			);
			runOnlyForDeploymentPostprocessing = 0;
		};
		28C9D1D1210D043500F8115D /* Resources */ = {
			isa = PBXResourcesBuildPhase;
			buildActionMask = 2147483647;
			files = (
			);
			runOnlyForDeploymentPostprocessing = 0;
		};
		28C9D1DC210D043500F8115D /* Resources */ = {
			isa = PBXResourcesBuildPhase;
			buildActionMask = 2147483647;
			files = (
			);
			runOnlyForDeploymentPostprocessing = 0;
		};
/* End PBXResourcesBuildPhase section */

/* Begin PBXSourcesBuildPhase section */
		28C9D1B8210D043000F8115D /* Sources */ = {
			isa = PBXSourcesBuildPhase;
			buildActionMask = 2147483647;
			files = (
				28C9D1C2210D043000F8115D /* ViewController.swift in Sources */,
				28C9D1C0210D043000F8115D /* AppDelegate.swift in Sources */,
				28C9D1C8210D043000F8115D /* IsItGood.xcdatamodeld in Sources */,
			);
			runOnlyForDeploymentPostprocessing = 0;
		};
		28C9D1CF210D043500F8115D /* Sources */ = {
			isa = PBXSourcesBuildPhase;
			buildActionMask = 2147483647;
			files = (
				28C9D1D8210D043500F8115D /* IsItGoodTests.swift in Sources */,
			);
			runOnlyForDeploymentPostprocessing = 0;
		};
		28C9D1DA210D043500F8115D /* Sources */ = {
			isa = PBXSourcesBuildPhase;
			buildActionMask = 2147483647;
			files = (
				28C9D1E3210D043500F8115D /* IsItGoodUITests.swift in Sources */,
			);
			runOnlyForDeploymentPostprocessing = 0;
		};
/* End PBXSourcesBuildPhase section */

/* Begin PBXTargetDependency section */
		28C9D1D5210D043500F8115D /* PBXTargetDependency */ = {
			isa = PBXTargetDependency;
			target = 28C9D1BB210D043000F8115D /* IsItGood */;
			targetProxy = 28C9D1D4210D043500F8115D /* PBXContainerItemProxy */;
		};
		28C9D1E0210D043500F8115D /* PBXTargetDependency */ = {
			isa = PBXTargetDependency;
			target = 28C9D1BB210D043000F8115D /* IsItGood */;
			targetProxy = 28C9D1DF210D043500F8115D /* PBXContainerItemProxy */;
		};
/* End PBXTargetDependency section */

/* Begin PBXVariantGroup section */
		28C9D1C3210D043000F8115D /* Main.storyboard */ = {
			isa = PBXVariantGroup;
			children = (
				28C9D1C4210D043000F8115D /* Base */,
			);
			name = Main.storyboard;
			sourceTree = "<group>";
		};
		28C9D1CB210D043500F8115D /* LaunchScreen.storyboard */ = {
			isa = PBXVariantGroup;
			children = (
				28C9D1CC210D043500F8115D /* Base */,
			);
			name = LaunchScreen.storyboard;
			sourceTree = "<group>";
		};
/* End PBXVariantGroup section */

/* Begin XCBuildConfiguration section */
		28C9D1E5210D043500F8115D /* Debug */ = {
			isa = XCBuildConfiguration;
			buildSettings = {
				ALWAYS_SEARCH_USER_PATHS = NO;
				CLANG_ANALYZER_NONNULL = YES;
				CLANG_ANALYZER_NUMBER_OBJECT_CONVERSION = YES_AGGRESSIVE;
				CLANG_CXX_LANGUAGE_STANDARD = "gnu++14";
				CLANG_CXX_LIBRARY = "libc++";
				CLANG_ENABLE_MODULES = YES;
				CLANG_ENABLE_OBJC_ARC = YES;
				CLANG_ENABLE_OBJC_WEAK = YES;
				CLANG_WARN_BLOCK_CAPTURE_AUTORELEASING = YES;
				CLANG_WARN_BOOL_CONVERSION = YES;
				CLANG_WARN_COMMA = YES;
				CLANG_WARN_CONSTANT_CONVERSION = YES;
				CLANG_WARN_DEPRECATED_OBJC_IMPLEMENTATIONS = YES;
				CLANG_WARN_DIRECT_OBJC_ISA_USAGE = YES_ERROR;
				CLANG_WARN_DOCUMENTATION_COMMENTS = YES;
				CLANG_WARN_EMPTY_BODY = YES;
				CLANG_WARN_ENUM_CONVERSION = YES;
				CLANG_WARN_INFINITE_RECURSION = YES;
				CLANG_WARN_INT_CONVERSION = YES;
				CLANG_WARN_NON_LITERAL_NULL_CONVERSION = YES;
				CLANG_WARN_OBJC_IMPLICIT_RETAIN_SELF = YES;
				CLANG_WARN_OBJC_LITERAL_CONVERSION = YES;
				CLANG_WARN_OBJC_ROOT_CLASS = YES_ERROR;
				CLANG_WARN_RANGE_LOOP_ANALYSIS = YES;
				CLANG_WARN_STRICT_PROTOTYPES = YES;
				CLANG_WARN_SUSPICIOUS_MOVE = YES;
				CLANG_WARN_UNGUARDED_AVAILABILITY = YES_AGGRESSIVE;
				CLANG_WARN_UNREACHABLE_CODE = YES;
				CLANG_WARN__DUPLICATE_METHOD_MATCH = YES;
				CODE_SIGN_IDENTITY = "iPhone Developer";
				COPY_PHASE_STRIP = NO;
				DEBUG_INFORMATION_FORMAT = dwarf;
				ENABLE_STRICT_OBJC_MSGSEND = YES;
				ENABLE_TESTABILITY = YES;
				GCC_C_LANGUAGE_STANDARD = gnu11;
				GCC_DYNAMIC_NO_PIC = NO;
				GCC_NO_COMMON_BLOCKS = YES;
				GCC_OPTIMIZATION_LEVEL = 0;
				GCC_PREPROCESSOR_DEFINITIONS = (
					"DEBUG=1",
					"$(inherited)",
				);
				GCC_WARN_64_TO_32_BIT_CONVERSION = YES;
				GCC_WARN_ABOUT_RETURN_TYPE = YES_ERROR;
				GCC_WARN_UNDECLARED_SELECTOR = YES;
				GCC_WARN_UNINITIALIZED_AUTOS = YES_AGGRESSIVE;
				GCC_WARN_UNUSED_FUNCTION = YES;
				GCC_WARN_UNUSED_VARIABLE = YES;
				IPHONEOS_DEPLOYMENT_TARGET = 11.4;
				MTL_ENABLE_DEBUG_INFO = YES;
				ONLY_ACTIVE_ARCH = YES;
				SDKROOT = iphoneos;
				SWIFT_ACTIVE_COMPILATION_CONDITIONS = DEBUG;
				SWIFT_OPTIMIZATION_LEVEL = "-Onone";
			};
			name = Debug;
		};
		28C9D1E6210D043500F8115D /* Release */ = {
			isa = XCBuildConfiguration;
			buildSettings = {
				ALWAYS_SEARCH_USER_PATHS = NO;
				CLANG_ANALYZER_NONNULL = YES;
				CLANG_ANALYZER_NUMBER_OBJECT_CONVERSION = YES_AGGRESSIVE;
				CLANG_CXX_LANGUAGE_STANDARD = "gnu++14";
				CLANG_CXX_LIBRARY = "libc++";
				CLANG_ENABLE_MODULES = YES;
				CLANG_ENABLE_OBJC_ARC = YES;
				CLANG_ENABLE_OBJC_WEAK = YES;
				CLANG_WARN_BLOCK_CAPTURE_AUTORELEASING = YES;
				CLANG_WARN_BOOL_CONVERSION = YES;
				CLANG_WARN_COMMA = YES;
				CLANG_WARN_CONSTANT_CONVERSION = YES;
				CLANG_WARN_DEPRECATED_OBJC_IMPLEMENTATIONS = YES;
				CLANG_WARN_DIRECT_OBJC_ISA_USAGE = YES_ERROR;
				CLANG_WARN_DOCUMENTATION_COMMENTS = YES;
				CLANG_WARN_EMPTY_BODY = YES;
				CLANG_WARN_ENUM_CONVERSION = YES;
				CLANG_WARN_INFINITE_RECURSION = YES;
				CLANG_WARN_INT_CONVERSION = YES;
				CLANG_WARN_NON_LITERAL_NULL_CONVERSION = YES;
				CLANG_WARN_OBJC_IMPLICIT_RETAIN_SELF = YES;
				CLANG_WARN_OBJC_LITERAL_CONVERSION = YES;
				CLANG_WARN_OBJC_ROOT_CLASS = YES_ERROR;
				CLANG_WARN_RANGE_LOOP_ANALYSIS = YES;
				CLANG_WARN_STRICT_PROTOTYPES = YES;
				CLANG_WARN_SUSPICIOUS_MOVE = YES;
				CLANG_WARN_UNGUARDED_AVAILABILITY = YES_AGGRESSIVE;
				CLANG_WARN_UNREACHABLE_CODE = YES;
				CLANG_WARN__DUPLICATE_METHOD_MATCH = YES;
				CODE_SIGN_IDENTITY = "iPhone Developer";
				COPY_PHASE_STRIP = NO;
				DEBUG_INFORMATION_FORMAT = "dwarf-with-dsym";
				ENABLE_NS_ASSERTIONS = NO;
				ENABLE_STRICT_OBJC_MSGSEND = YES;
				GCC_C_LANGUAGE_STANDARD = gnu11;
				GCC_NO_COMMON_BLOCKS = YES;
				GCC_WARN_64_TO_32_BIT_CONVERSION = YES;
				GCC_WARN_ABOUT_RETURN_TYPE = YES_ERROR;
				GCC_WARN_UNDECLARED_SELECTOR = YES;
				GCC_WARN_UNINITIALIZED_AUTOS = YES_AGGRESSIVE;
				GCC_WARN_UNUSED_FUNCTION = YES;
				GCC_WARN_UNUSED_VARIABLE = YES;
				IPHONEOS_DEPLOYMENT_TARGET = 11.4;
				MTL_ENABLE_DEBUG_INFO = NO;
				SDKROOT = iphoneos;
				SWIFT_COMPILATION_MODE = wholemodule;
				SWIFT_OPTIMIZATION_LEVEL = "-O";
				VALIDATE_PRODUCT = YES;
			};
			name = Release;
		};
		28C9D1E8210D043500F8115D /* Debug */ = {
			isa = XCBuildConfiguration;
			buildSettings = {
				ASSETCATALOG_COMPILER_APPICON_NAME = AppIcon;
				CODE_SIGN_STYLE = Automatic;
				DEVELOPMENT_TEAM = DPY5934975;
				INFOPLIST_FILE = IsItGood/Info.plist;
				LD_RUNPATH_SEARCH_PATHS = (
					"$(inherited)",
					"@executable_path/Frameworks",
				);
				PRODUCT_BUNDLE_IDENTIFIER = Yosvani.IsItGood;
				PRODUCT_NAME = "$(TARGET_NAME)";
				SWIFT_VERSION = 4.0;
				TARGETED_DEVICE_FAMILY = "1,2";
			};
			name = Debug;
		};
		28C9D1E9210D043500F8115D /* Release */ = {
			isa = XCBuildConfiguration;
			buildSettings = {
				ASSETCATALOG_COMPILER_APPICON_NAME = AppIcon;
				CODE_SIGN_STYLE = Automatic;
				DEVELOPMENT_TEAM = DPY5934975;
				INFOPLIST_FILE = IsItGood/Info.plist;
				LD_RUNPATH_SEARCH_PATHS = (
					"$(inherited)",
					"@executable_path/Frameworks",
				);
				PRODUCT_BUNDLE_IDENTIFIER = Yosvani.IsItGood;
				PRODUCT_NAME = "$(TARGET_NAME)";
				SWIFT_VERSION = 4.0;
				TARGETED_DEVICE_FAMILY = "1,2";
			};
			name = Release;
		};
		28C9D1EB210D043500F8115D /* Debug */ = {
			isa = XCBuildConfiguration;
			buildSettings = {
				ALWAYS_EMBED_SWIFT_STANDARD_LIBRARIES = YES;
				BUNDLE_LOADER = "$(TEST_HOST)";
				CODE_SIGN_STYLE = Automatic;
				DEVELOPMENT_TEAM = DPY5934975;
				INFOPLIST_FILE = IsItGoodTests/Info.plist;
				LD_RUNPATH_SEARCH_PATHS = (
					"$(inherited)",
					"@executable_path/Frameworks",
					"@loader_path/Frameworks",
				);
				PRODUCT_BUNDLE_IDENTIFIER = Yosvani.IsItGoodTests;
				PRODUCT_NAME = "$(TARGET_NAME)";
				SWIFT_VERSION = 4.0;
				TARGETED_DEVICE_FAMILY = "1,2";
				TEST_HOST = "$(BUILT_PRODUCTS_DIR)/IsItGood.app/IsItGood";
			};
			name = Debug;
		};
		28C9D1EC210D043500F8115D /* Release */ = {
			isa = XCBuildConfiguration;
			buildSettings = {
				ALWAYS_EMBED_SWIFT_STANDARD_LIBRARIES = YES;
				BUNDLE_LOADER = "$(TEST_HOST)";
				CODE_SIGN_STYLE = Automatic;
				DEVELOPMENT_TEAM = DPY5934975;
				INFOPLIST_FILE = IsItGoodTests/Info.plist;
				LD_RUNPATH_SEARCH_PATHS = (
					"$(inherited)",
					"@executable_path/Frameworks",
					"@loader_path/Frameworks",
				);
				PRODUCT_BUNDLE_IDENTIFIER = Yosvani.IsItGoodTests;
				PRODUCT_NAME = "$(TARGET_NAME)";
				SWIFT_VERSION = 4.0;
				TARGETED_DEVICE_FAMILY = "1,2";
				TEST_HOST = "$(BUILT_PRODUCTS_DIR)/IsItGood.app/IsItGood";
			};
			name = Release;
		};
		28C9D1EE210D043500F8115D /* Debug */ = {
			isa = XCBuildConfiguration;
			buildSettings = {
				ALWAYS_EMBED_SWIFT_STANDARD_LIBRARIES = YES;
				CODE_SIGN_STYLE = Automatic;
				DEVELOPMENT_TEAM = DPY5934975;
				INFOPLIST_FILE = IsItGoodUITests/Info.plist;
				LD_RUNPATH_SEARCH_PATHS = (
					"$(inherited)",
					"@executable_path/Frameworks",
					"@loader_path/Frameworks",
				);
				PRODUCT_BUNDLE_IDENTIFIER = Yosvani.IsItGoodUITests;
				PRODUCT_NAME = "$(TARGET_NAME)";
				SWIFT_VERSION = 4.0;
				TARGETED_DEVICE_FAMILY = "1,2";
				TEST_TARGET_NAME = IsItGood;
			};
			name = Debug;
		};
		28C9D1EF210D043500F8115D /* Release */ = {
			isa = XCBuildConfiguration;
			buildSettings = {
				ALWAYS_EMBED_SWIFT_STANDARD_LIBRARIES = YES;
				CODE_SIGN_STYLE = Automatic;
				DEVELOPMENT_TEAM = DPY5934975;
				INFOPLIST_FILE = IsItGoodUITests/Info.plist;
				LD_RUNPATH_SEARCH_PATHS = (
					"$(inherited)",
					"@executable_path/Frameworks",
					"@loader_path/Frameworks",
				);
				PRODUCT_BUNDLE_IDENTIFIER = Yosvani.IsItGoodUITests;
				PRODUCT_NAME = "$(TARGET_NAME)";
				SWIFT_VERSION = 4.0;
				TARGETED_DEVICE_FAMILY = "1,2";
				TEST_TARGET_NAME = IsItGood;
			};
			name = Release;
		};
/* End XCBuildConfiguration section */

/* Begin XCConfigurationList section */
		28C9D1B7210D043000F8115D /* Build configuration list for PBXProject "IsItGood" */ = {
			isa = XCConfigurationList;
			buildConfigurations = (
				28C9D1E5210D043500F8115D /* Debug */,
				28C9D1E6210D043500F8115D /* Release */,
			);
			defaultConfigurationIsVisible = 0;
			defaultConfigurationName = Release;
		};
		28C9D1E7210D043500F8115D /* Build configuration list for PBXNativeTarget "IsItGood" */ = {
			isa = XCConfigurationList;
			buildConfigurations = (
				28C9D1E8210D043500F8115D /* Debug */,
				28C9D1E9210D043500F8115D /* Release */,
			);
			defaultConfigurationIsVisible = 0;
			defaultConfigurationName = Release;
		};
		28C9D1EA210D043500F8115D /* Build configuration list for PBXNativeTarget "IsItGoodTests" */ = {
			isa = XCConfigurationList;
			buildConfigurations = (
				28C9D1EB210D043500F8115D /* Debug */,
				28C9D1EC210D043500F8115D /* Release */,
			);
			defaultConfigurationIsVisible = 0;
			defaultConfigurationName = Release;
		};
		28C9D1ED210D043500F8115D /* Build configuration list for PBXNativeTarget "IsItGoodUITests" */ = {
			isa = XCConfigurationList;
			buildConfigurations = (
				28C9D1EE210D043500F8115D /* Debug */,
				28C9D1EF210D043500F8115D /* Release */,
			);
			defaultConfigurationIsVisible = 0;
			defaultConfigurationName = Release;
		};
/* End XCConfigurationList section */

/* Begin XCVersionGroup section */
		28C9D1C6210D043000F8115D /* IsItGood.xcdatamodeld */ = {
			isa = XCVersionGroup;
			children = (
				28C9D1C7210D043000F8115D /* IsItGood.xcdatamodel */,
			);
			currentVersion = 28C9D1C7210D043000F8115D /* IsItGood.xcdatamodel */;
			path = IsItGood.xcdatamodeld;
			sourceTree = "<group>";
			versionGroupType = wrapper.xcdatamodel;
		};
/* End XCVersionGroup section */
	};
	rootObject = 28C9D1B4210D043000F8115D /* Project object */;
}
